{
  "nodes": {
    "nixpkgs": {
      "locked": {
        "lastModified": 1741600792,
        "narHash": "sha256-yfDy6chHcM7pXpMF4wycuuV+ILSTG486Z/vLx/Bdi6Y=",
        "type": "tarball",
        "url": "https://github.com/NixOS/nixpkgs/tarball/nixos-24.11"
      },
      "original": {
        "type": "tarball",
        "url": "https://github.com/NixOS/nixpkgs/tarball/nixos-24.11"
      }
    },
    "nixpkgs-unstable": {
      "locked": {
        "lastModified": 1741513245,
        "narHash": "sha256-7rTAMNTY1xoBwz0h7ZMtEcd8LELk9R5TzBPoHuhNSCk=",
        "type": "tarball",
        "url": "https://github.com/NixOS/nixpkgs/tarball/nixos-unstable"
      },
      "original": {
        "type": "tarball",
        "url": "https://github.com/NixOS/nixpkgs/tarball/nixos-unstable"
      }
    },
    "root": {
      "inputs": {
        "nixpkgs": "nixpkgs",
        "nixpkgs-unstable": "nixpkgs-unstable"
      }
    }
  },
  "root": "root",
  "version": 7
}
