{
  "nodes": {
    "nixpkgs": {
      "locked": {
        "lastModified": 1742136038,
        "narHash": "sha256-DDe16FJk18sadknQKKG/9FbwEro7A57tg9vB5kxZ8kY=",
        "type": "tarball",
        "url": "https://github.com/NixOS/nixpkgs/tarball/nixos-24.11"
      },
      "original": {
        "type": "tarball",
        "url": "https://github.com/NixOS/nixpkgs/tarball/nixos-24.11"
      }
    },
    "nixpkgs-unstable": {
      "locked": {
        "lastModified": 1742069588,
        "narHash": "sha256-C7jVfohcGzdZRF6DO+ybyG/sqpo1h6bZi9T56sxLy+k=",
        "type": "tarball",
        "url": "https://github.com/NixOS/nixpkgs/tarball/nixos-unstable"
      },
      "original": {
        "type": "tarball",
        "url": "https://github.com/NixOS/nixpkgs/tarball/nixos-unstable"
      }
    },
    "root": {
      "inputs": {
        "nixpkgs": "nixpkgs",
        "nixpkgs-unstable": "nixpkgs-unstable"
      }
    }
  },
  "root": "root",
  "version": 7
}
